
Microsoft Visual Studio Solution File, Format Version 12.00
# Visual Studio Version 17
VisualStudioVersion = 17.7.34031.279
MinimumVisualStudioVersion = 10.0.40219.1
Project("{888888A0-9F3D-457C-B088-3A5042F75D52}") = "Imersao_Alura", "Imersao_Alura\Imersao_Alura.pyproj", "{B05A49DC-B780-4029-BD0B-18F7B720028E}"
EndProject
Global
	GlobalSection(SolutionConfigurationPlatforms) = preSolution
		Debug|Any CPU = Debug|Any CPU
		Release|Any CPU = Release|Any CPU
	EndGlobalSection
	GlobalSection(ProjectConfigurationPlatforms) = postSolution
		{B05A49DC-B780-4029-BD0B-18F7B720028E}.Debug|Any CPU.ActiveCfg = Debug|Any CPU
		{B05A49DC-B780-4029-BD0B-18F7B720028E}.Release|Any CPU.ActiveCfg = Release|Any CPU
	EndGlobalSection
	GlobalSection(SolutionProperties) = preSolution
		HideSolutionNode = FALSE
	EndGlobalSection
	GlobalSection(ExtensibilityGlobals) = postSolution
		SolutionGuid = {9E5762EB-F6B4-43F5-BBF0-3E71A5B296E0}
	EndGlobalSection
EndGlobal
